
Microsoft Visual Studio Solution File, Format Version 12.00
# Visual Studio Version 17
VisualStudioVersion = 17.8.34330.188
MinimumVisualStudioVersion = 10.0.40219.1
Project("{9A19103F-16F7-4668-BE54-9A1E7A4F7556}") = "lab-zyfra", "lab-zyfra\lab-zyfra.csproj", "{B0E9BFE9-494D-41A6-837F-452517394C60}"
EndProject
Project("{9A19103F-16F7-4668-BE54-9A1E7A4F7556}") = "UnitTests", "UnitTests\UnitTests.csproj", "{52477D52-EA54-41FB-A2D6-899B0D05BD06}"
EndProject
Project("{FAE04EC0-301F-11D3-BF4B-00C04F79EFBC}") = "Server", "Server\Server.csproj", "{046D4402-85E7-45EB-A27D-0C67BC1550F5}"
EndProject
Global
	GlobalSection(SolutionConfigurationPlatforms) = preSolution
		Debug|Any CPU = Debug|Any CPU
		Release|Any CPU = Release|Any CPU
	EndGlobalSection
	GlobalSection(ProjectConfigurationPlatforms) = postSolution
		{B0E9BFE9-494D-41A6-837F-452517394C60}.Debug|Any CPU.ActiveCfg = Debug|Any CPU
		{B0E9BFE9-494D-41A6-837F-452517394C60}.Debug|Any CPU.Build.0 = Debug|Any CPU
		{B0E9BFE9-494D-41A6-837F-452517394C60}.Release|Any CPU.ActiveCfg = Release|Any CPU
		{B0E9BFE9-494D-41A6-837F-452517394C60}.Release|Any CPU.Build.0 = Release|Any CPU
		{52477D52-EA54-41FB-A2D6-899B0D05BD06}.Debug|Any CPU.ActiveCfg = Debug|Any CPU
		{52477D52-EA54-41FB-A2D6-899B0D05BD06}.Debug|Any CPU.Build.0 = Debug|Any CPU
		{52477D52-EA54-41FB-A2D6-899B0D05BD06}.Release|Any CPU.ActiveCfg = Release|Any CPU
		{52477D52-EA54-41FB-A2D6-899B0D05BD06}.Release|Any CPU.Build.0 = Release|Any CPU
		{046D4402-85E7-45EB-A27D-0C67BC1550F5}.Debug|Any CPU.ActiveCfg = Debug|Any CPU
		{046D4402-85E7-45EB-A27D-0C67BC1550F5}.Debug|Any CPU.Build.0 = Debug|Any CPU
		{046D4402-85E7-45EB-A27D-0C67BC1550F5}.Release|Any CPU.ActiveCfg = Release|Any CPU
		{046D4402-85E7-45EB-A27D-0C67BC1550F5}.Release|Any CPU.Build.0 = Release|Any CPU
	EndGlobalSection
	GlobalSection(SolutionProperties) = preSolution
		HideSolutionNode = FALSE
	EndGlobalSection
	GlobalSection(ExtensibilityGlobals) = postSolution
		SolutionGuid = {4491B63B-DF6E-42AC-9BD3-262376F9FDE6}
	EndGlobalSection
EndGlobal
